
Microsoft Visual Studio Solution File, Format Version 12.00
# Visual Studio 14
VisualStudioVersion = 14.0.25123.0
MinimumVisualStudioVersion = 10.0.40219.1
Project("{FAE04EC0-301F-11D3-BF4B-00C04F79EFBC}") = "MvApp.Droid", "MvApp\MvApp.Droid\MvApp.Droid.csproj", "{883AD57F-5673-47E6-A5F3-9FAD8D02F601}"
EndProject
Project("{FAE04EC0-301F-11D3-BF4B-00C04F79EFBC}") = "MvApp.iOS", "MvApp\MvApp.iOS\MvApp.iOS.csproj", "{CFFDD5A2-FE83-4DAA-8918-88E516FD7F3B}"
EndProject
Project("{FAE04EC0-301F-11D3-BF4B-00C04F79EFBC}") = "MvApp.WinPhone", "MvApp\MvApp.WinPhone\MvApp.WinPhone.csproj", "{4C6B7A57-9BB4-451F-BC51-A00D8C9810F2}"
EndProject
Project("{FAE04EC0-301F-11D3-BF4B-00C04F79EFBC}") = "MvApp.UWP", "MvApp\MvApp.UWP\MvApp.UWP.csproj", "{F77D46BF-96D4-4E6A-975E-996AF60718D6}"
EndProject
Project("{FAE04EC0-301F-11D3-BF4B-00C04F79EFBC}") = "MvApp.Windows", "MvApp\MvApp.Windows\MvApp.Windows.csproj", "{C263B264-5D19-4985-BB57-4EB3461BD1D8}"
EndProject
Project("{FAE04EC0-301F-11D3-BF4B-00C04F79EFBC}") = "MvApp", "MvApp\MvApp\MvApp.csproj", "{525D484F-6B43-4C9E-BE4E-7AEE69385FF3}"
EndProject
Global
	GlobalSection(SolutionConfigurationPlatforms) = preSolution
		Ad-Hoc|Any CPU = Ad-Hoc|Any CPU
		Ad-Hoc|ARM = Ad-Hoc|ARM
		Ad-Hoc|iPhone = Ad-Hoc|iPhone
		Ad-Hoc|iPhoneSimulator = Ad-Hoc|iPhoneSimulator
		Ad-Hoc|x64 = Ad-Hoc|x64
		Ad-Hoc|x86 = Ad-Hoc|x86
		AppStore|Any CPU = AppStore|Any CPU
		AppStore|ARM = AppStore|ARM
		AppStore|iPhone = AppStore|iPhone
		AppStore|iPhoneSimulator = AppStore|iPhoneSimulator
		AppStore|x64 = AppStore|x64
		AppStore|x86 = AppStore|x86
		Debug|Any CPU = Debug|Any CPU
		Debug|ARM = Debug|ARM
		Debug|iPhone = Debug|iPhone
		Debug|iPhoneSimulator = Debug|iPhoneSimulator
		Debug|x64 = Debug|x64
		Debug|x86 = Debug|x86
		Release|Any CPU = Release|Any CPU
		Release|ARM = Release|ARM
		Release|iPhone = Release|iPhone
		Release|iPhoneSimulator = Release|iPhoneSimulator
		Release|x64 = Release|x64
		Release|x86 = Release|x86
	EndGlobalSection
	GlobalSection(ProjectConfigurationPlatforms) = postSolution
		{883AD57F-5673-47E6-A5F3-9FAD8D02F601}.Ad-Hoc|Any CPU.ActiveCfg = Release|Any CPU
		{883AD57F-5673-47E6-A5F3-9FAD8D02F601}.Ad-Hoc|Any CPU.Build.0 = Release|Any CPU
		{883AD57F-5673-47E6-A5F3-9FAD8D02F601}.Ad-Hoc|Any CPU.Deploy.0 = Release|Any CPU
		{883AD57F-5673-47E6-A5F3-9FAD8D02F601}.Ad-Hoc|ARM.ActiveCfg = Release|Any CPU
		{883AD57F-5673-47E6-A5F3-9FAD8D02F601}.Ad-Hoc|ARM.Build.0 = Release|Any CPU
		{883AD57F-5673-47E6-A5F3-9FAD8D02F601}.Ad-Hoc|ARM.Deploy.0 = Release|Any CPU
		{883AD57F-5673-47E6-A5F3-9FAD8D02F601}.Ad-Hoc|iPhone.ActiveCfg = Release|Any CPU
		{883AD57F-5673-47E6-A5F3-9FAD8D02F601}.Ad-Hoc|iPhone.Build.0 = Release|Any CPU
		{883AD57F-5673-47E6-A5F3-9FAD8D02F601}.Ad-Hoc|iPhone.Deploy.0 = Release|Any CPU
		{883AD57F-5673-47E6-A5F3-9FAD8D02F601}.Ad-Hoc|iPhoneSimulator.ActiveCfg = Release|Any CPU
		{883AD57F-5673-47E6-A5F3-9FAD8D02F601}.Ad-Hoc|iPhoneSimulator.Build.0 = Release|Any CPU
		{883AD57F-5673-47E6-A5F3-9FAD8D02F601}.Ad-Hoc|iPhoneSimulator.Deploy.0 = Release|Any CPU
		{883AD57F-5673-47E6-A5F3-9FAD8D02F601}.Ad-Hoc|x64.ActiveCfg = Release|Any CPU
		{883AD57F-5673-47E6-A5F3-9FAD8D02F601}.Ad-Hoc|x64.Build.0 = Release|Any CPU
		{883AD57F-5673-47E6-A5F3-9FAD8D02F601}.Ad-Hoc|x64.Deploy.0 = Release|Any CPU
		{883AD57F-5673-47E6-A5F3-9FAD8D02F601}.Ad-Hoc|x86.ActiveCfg = Release|Any CPU
		{883AD57F-5673-47E6-A5F3-9FAD8D02F601}.Ad-Hoc|x86.Build.0 = Release|Any CPU
		{883AD57F-5673-47E6-A5F3-9FAD8D02F601}.Ad-Hoc|x86.Deploy.0 = Release|Any CPU
		{883AD57F-5673-47E6-A5F3-9FAD8D02F601}.AppStore|Any CPU.ActiveCfg = Release|Any CPU
		{883AD57F-5673-47E6-A5F3-9FAD8D02F601}.AppStore|Any CPU.Build.0 = Release|Any CPU
		{883AD57F-5673-47E6-A5F3-9FAD8D02F601}.AppStore|Any CPU.Deploy.0 = Release|Any CPU
		{883AD57F-5673-47E6-A5F3-9FAD8D02F601}.AppStore|ARM.ActiveCfg = Release|Any CPU
		{883AD57F-5673-47E6-A5F3-9FAD8D02F601}.AppStore|ARM.Build.0 = Release|Any CPU
		{883AD57F-5673-47E6-A5F3-9FAD8D02F601}.AppStore|ARM.Deploy.0 = Release|Any CPU
		{883AD57F-5673-47E6-A5F3-9FAD8D02F601}.AppStore|iPhone.ActiveCfg = Release|Any CPU
		{883AD57F-5673-47E6-A5F3-9FAD8D02F601}.AppStore|iPhone.Build.0 = Release|Any CPU
		{883AD57F-5673-47E6-A5F3-9FAD8D02F601}.AppStore|iPhone.Deploy.0 = Release|Any CPU
		{883AD57F-5673-47E6-A5F3-9FAD8D02F601}.AppStore|iPhoneSimulator.ActiveCfg = Release|Any CPU
		{883AD57F-5673-47E6-A5F3-9FAD8D02F601}.AppStore|iPhoneSimulator.Build.0 = Release|Any CPU
		{883AD57F-5673-47E6-A5F3-9FAD8D02F601}.AppStore|iPhoneSimulator.Deploy.0 = Release|Any CPU
		{883AD57F-5673-47E6-A5F3-9FAD8D02F601}.AppStore|x64.ActiveCfg = Release|Any CPU
		{883AD57F-5673-47E6-A5F3-9FAD8D02F601}.AppStore|x64.Build.0 = Release|Any CPU
		{883AD57F-5673-47E6-A5F3-9FAD8D02F601}.AppStore|x64.Deploy.0 = Release|Any CPU
		{883AD57F-5673-47E6-A5F3-9FAD8D02F601}.AppStore|x86.ActiveCfg = Release|Any CPU
		{883AD57F-5673-47E6-A5F3-9FAD8D02F601}.AppStore|x86.Build.0 = Release|Any CPU
		{883AD57F-5673-47E6-A5F3-9FAD8D02F601}.AppStore|x86.Deploy.0 = Release|Any CPU
		{883AD57F-5673-47E6-A5F3-9FAD8D02F601}.Debug|Any CPU.ActiveCfg = Debug|Any CPU
		{883AD57F-5673-47E6-A5F3-9FAD8D02F601}.Debug|Any CPU.Build.0 = Debug|Any CPU
		{883AD57F-5673-47E6-A5F3-9FAD8D02F601}.Debug|Any CPU.Deploy.0 = Debug|Any CPU
		{883AD57F-5673-47E6-A5F3-9FAD8D02F601}.Debug|ARM.ActiveCfg = Debug|Any CPU
		{883AD57F-5673-47E6-A5F3-9FAD8D02F601}.Debug|ARM.Build.0 = Debug|Any CPU
		{883AD57F-5673-47E6-A5F3-9FAD8D02F601}.Debug|ARM.Deploy.0 = Debug|Any CPU
		{883AD57F-5673-47E6-A5F3-9FAD8D02F601}.Debug|iPhone.ActiveCfg = Debug|Any CPU
		{883AD57F-5673-47E6-A5F3-9FAD8D02F601}.Debug|iPhone.Build.0 = Debug|Any CPU
		{883AD57F-5673-47E6-A5F3-9FAD8D02F601}.Debug|iPhone.Deploy.0 = Debug|Any CPU
		{883AD57F-5673-47E6-A5F3-9FAD8D02F601}.Debug|iPhoneSimulator.ActiveCfg = Debug|Any CPU
		{883AD57F-5673-47E6-A5F3-9FAD8D02F601}.Debug|iPhoneSimulator.Build.0 = Debug|Any CPU
		{883AD57F-5673-47E6-A5F3-9FAD8D02F601}.Debug|iPhoneSimulator.Deploy.0 = Debug|Any CPU
		{883AD57F-5673-47E6-A5F3-9FAD8D02F601}.Debug|x64.ActiveCfg = Debug|Any CPU
		{883AD57F-5673-47E6-A5F3-9FAD8D02F601}.Debug|x64.Build.0 = Debug|Any CPU
		{883AD57F-5673-47E6-A5F3-9FAD8D02F601}.Debug|x64.Deploy.0 = Debug|Any CPU
		{883AD57F-5673-47E6-A5F3-9FAD8D02F601}.Debug|x86.ActiveCfg = Debug|Any CPU
		{883AD57F-5673-47E6-A5F3-9FAD8D02F601}.Debug|x86.Build.0 = Debug|Any CPU
		{883AD57F-5673-47E6-A5F3-9FAD8D02F601}.Debug|x86.Deploy.0 = Debug|Any CPU
		{883AD57F-5673-47E6-A5F3-9FAD8D02F601}.Release|Any CPU.ActiveCfg = Release|Any CPU
		{883AD57F-5673-47E6-A5F3-9FAD8D02F601}.Release|Any CPU.Build.0 = Release|Any CPU
		{883AD57F-5673-47E6-A5F3-9FAD8D02F601}.Release|Any CPU.Deploy.0 = Release|Any CPU
		{883AD57F-5673-47E6-A5F3-9FAD8D02F601}.Release|ARM.ActiveCfg = Release|Any CPU
		{883AD57F-5673-47E6-A5F3-9FAD8D02F601}.Release|ARM.Build.0 = Release|Any CPU
		{883AD57F-5673-47E6-A5F3-9FAD8D02F601}.Release|ARM.Deploy.0 = Release|Any CPU
		{883AD57F-5673-47E6-A5F3-9FAD8D02F601}.Release|iPhone.ActiveCfg = Release|Any CPU
		{883AD57F-5673-47E6-A5F3-9FAD8D02F601}.Release|iPhone.Build.0 = Release|Any CPU
		{883AD57F-5673-47E6-A5F3-9FAD8D02F601}.Release|iPhone.Deploy.0 = Release|Any CPU
		{883AD57F-5673-47E6-A5F3-9FAD8D02F601}.Release|iPhoneSimulator.ActiveCfg = Release|Any CPU
		{883AD57F-5673-47E6-A5F3-9FAD8D02F601}.Release|iPhoneSimulator.Build.0 = Release|Any CPU
		{883AD57F-5673-47E6-A5F3-9FAD8D02F601}.Release|iPhoneSimulator.Deploy.0 = Release|Any CPU
		{883AD57F-5673-47E6-A5F3-9FAD8D02F601}.Release|x64.ActiveCfg = Release|Any CPU
		{883AD57F-5673-47E6-A5F3-9FAD8D02F601}.Release|x64.Build.0 = Release|Any CPU
		{883AD57F-5673-47E6-A5F3-9FAD8D02F601}.Release|x64.Deploy.0 = Release|Any CPU
		{883AD57F-5673-47E6-A5F3-9FAD8D02F601}.Release|x86.ActiveCfg = Release|Any CPU
		{883AD57F-5673-47E6-A5F3-9FAD8D02F601}.Release|x86.Build.0 = Release|Any CPU
		{883AD57F-5673-47E6-A5F3-9FAD8D02F601}.Release|x86.Deploy.0 = Release|Any CPU
		{CFFDD5A2-FE83-4DAA-8918-88E516FD7F3B}.Ad-Hoc|Any CPU.ActiveCfg = Ad-Hoc|iPhone
		{CFFDD5A2-FE83-4DAA-8918-88E516FD7F3B}.Ad-Hoc|ARM.ActiveCfg = Ad-Hoc|iPhone
		{CFFDD5A2-FE83-4DAA-8918-88E516FD7F3B}.Ad-Hoc|iPhone.ActiveCfg = Ad-Hoc|iPhone
		{CFFDD5A2-FE83-4DAA-8918-88E516FD7F3B}.Ad-Hoc|iPhone.Build.0 = Ad-Hoc|iPhone
		{CFFDD5A2-FE83-4DAA-8918-88E516FD7F3B}.Ad-Hoc|iPhoneSimulator.ActiveCfg = Ad-Hoc|iPhoneSimulator
		{CFFDD5A2-FE83-4DAA-8918-88E516FD7F3B}.Ad-Hoc|iPhoneSimulator.Build.0 = Ad-Hoc|iPhoneSimulator
		{CFFDD5A2-FE83-4DAA-8918-88E516FD7F3B}.Ad-Hoc|x64.ActiveCfg = Ad-Hoc|iPhone
		{CFFDD5A2-FE83-4DAA-8918-88E516FD7F3B}.Ad-Hoc|x86.ActiveCfg = Ad-Hoc|iPhone
		{CFFDD5A2-FE83-4DAA-8918-88E516FD7F3B}.AppStore|Any CPU.ActiveCfg = AppStore|iPhone
		{CFFDD5A2-FE83-4DAA-8918-88E516FD7F3B}.AppStore|ARM.ActiveCfg = AppStore|iPhone
		{CFFDD5A2-FE83-4DAA-8918-88E516FD7F3B}.AppStore|iPhone.ActiveCfg = AppStore|iPhone
		{CFFDD5A2-FE83-4DAA-8918-88E516FD7F3B}.AppStore|iPhone.Build.0 = AppStore|iPhone
		{CFFDD5A2-FE83-4DAA-8918-88E516FD7F3B}.AppStore|iPhoneSimulator.ActiveCfg = AppStore|iPhoneSimulator
		{CFFDD5A2-FE83-4DAA-8918-88E516FD7F3B}.AppStore|iPhoneSimulator.Build.0 = AppStore|iPhoneSimulator
		{CFFDD5A2-FE83-4DAA-8918-88E516FD7F3B}.AppStore|x64.ActiveCfg = AppStore|iPhone
		{CFFDD5A2-FE83-4DAA-8918-88E516FD7F3B}.AppStore|x86.ActiveCfg = AppStore|iPhone
		{CFFDD5A2-FE83-4DAA-8918-88E516FD7F3B}.Debug|Any CPU.ActiveCfg = Debug|iPhone
		{CFFDD5A2-FE83-4DAA-8918-88E516FD7F3B}.Debug|ARM.ActiveCfg = Debug|iPhone
		{CFFDD5A2-FE83-4DAA-8918-88E516FD7F3B}.Debug|iPhone.ActiveCfg = Debug|iPhone
		{CFFDD5A2-FE83-4DAA-8918-88E516FD7F3B}.Debug|iPhone.Build.0 = Debug|iPhone
		{CFFDD5A2-FE83-4DAA-8918-88E516FD7F3B}.Debug|iPhoneSimulator.ActiveCfg = Debug|iPhoneSimulator
		{CFFDD5A2-FE83-4DAA-8918-88E516FD7F3B}.Debug|iPhoneSimulator.Build.0 = Debug|iPhoneSimulator
		{CFFDD5A2-FE83-4DAA-8918-88E516FD7F3B}.Debug|x64.ActiveCfg = Debug|iPhone
		{CFFDD5A2-FE83-4DAA-8918-88E516FD7F3B}.Debug|x86.ActiveCfg = Debug|iPhone
		{CFFDD5A2-FE83-4DAA-8918-88E516FD7F3B}.Release|Any CPU.ActiveCfg = Release|iPhone
		{CFFDD5A2-FE83-4DAA-8918-88E516FD7F3B}.Release|ARM.ActiveCfg = Release|iPhone
		{CFFDD5A2-FE83-4DAA-8918-88E516FD7F3B}.Release|iPhone.ActiveCfg = Release|iPhone
		{CFFDD5A2-FE83-4DAA-8918-88E516FD7F3B}.Release|iPhone.Build.0 = Release|iPhone
		{CFFDD5A2-FE83-4DAA-8918-88E516FD7F3B}.Release|iPhoneSimulator.ActiveCfg = Release|iPhoneSimulator
		{CFFDD5A2-FE83-4DAA-8918-88E516FD7F3B}.Release|iPhoneSimulator.Build.0 = Release|iPhoneSimulator
		{CFFDD5A2-FE83-4DAA-8918-88E516FD7F3B}.Release|x64.ActiveCfg = Release|iPhone
		{CFFDD5A2-FE83-4DAA-8918-88E516FD7F3B}.Release|x86.ActiveCfg = Release|iPhone
		{4C6B7A57-9BB4-451F-BC51-A00D8C9810F2}.Ad-Hoc|Any CPU.ActiveCfg = Release|Any CPU
		{4C6B7A57-9BB4-451F-BC51-A00D8C9810F2}.Ad-Hoc|Any CPU.Build.0 = Release|Any CPU
		{4C6B7A57-9BB4-451F-BC51-A00D8C9810F2}.Ad-Hoc|Any CPU.Deploy.0 = Release|Any CPU
		{4C6B7A57-9BB4-451F-BC51-A00D8C9810F2}.Ad-Hoc|ARM.ActiveCfg = Release|ARM
		{4C6B7A57-9BB4-451F-BC51-A00D8C9810F2}.Ad-Hoc|ARM.Build.0 = Release|ARM
		{4C6B7A57-9BB4-451F-BC51-A00D8C9810F2}.Ad-Hoc|ARM.Deploy.0 = Release|ARM
		{4C6B7A57-9BB4-451F-BC51-A00D8C9810F2}.Ad-Hoc|iPhone.ActiveCfg = Release|Any CPU
		{4C6B7A57-9BB4-451F-BC51-A00D8C9810F2}.Ad-Hoc|iPhone.Build.0 = Release|Any CPU
		{4C6B7A57-9BB4-451F-BC51-A00D8C9810F2}.Ad-Hoc|iPhone.Deploy.0 = Release|Any CPU
		{4C6B7A57-9BB4-451F-BC51-A00D8C9810F2}.Ad-Hoc|iPhoneSimulator.ActiveCfg = Release|Any CPU
		{4C6B7A57-9BB4-451F-BC51-A00D8C9810F2}.Ad-Hoc|iPhoneSimulator.Build.0 = Release|Any CPU
		{4C6B7A57-9BB4-451F-BC51-A00D8C9810F2}.Ad-Hoc|iPhoneSimulator.Deploy.0 = Release|Any CPU
		{4C6B7A57-9BB4-451F-BC51-A00D8C9810F2}.Ad-Hoc|x64.ActiveCfg = Release|Any CPU
		{4C6B7A57-9BB4-451F-BC51-A00D8C9810F2}.Ad-Hoc|x64.Build.0 = Release|Any CPU
		{4C6B7A57-9BB4-451F-BC51-A00D8C9810F2}.Ad-Hoc|x64.Deploy.0 = Release|Any CPU
		{4C6B7A57-9BB4-451F-BC51-A00D8C9810F2}.Ad-Hoc|x86.ActiveCfg = Release|x86
		{4C6B7A57-9BB4-451F-BC51-A00D8C9810F2}.Ad-Hoc|x86.Build.0 = Release|x86
		{4C6B7A57-9BB4-451F-BC51-A00D8C9810F2}.Ad-Hoc|x86.Deploy.0 = Release|x86
		{4C6B7A57-9BB4-451F-BC51-A00D8C9810F2}.AppStore|Any CPU.ActiveCfg = Release|Any CPU
		{4C6B7A57-9BB4-451F-BC51-A00D8C9810F2}.AppStore|Any CPU.Build.0 = Release|Any CPU
		{4C6B7A57-9BB4-451F-BC51-A00D8C9810F2}.AppStore|Any CPU.Deploy.0 = Release|Any CPU
		{4C6B7A57-9BB4-451F-BC51-A00D8C9810F2}.AppStore|ARM.ActiveCfg = Release|ARM
		{4C6B7A57-9BB4-451F-BC51-A00D8C9810F2}.AppStore|ARM.Build.0 = Release|ARM
		{4C6B7A57-9BB4-451F-BC51-A00D8C9810F2}.AppStore|ARM.Deploy.0 = Release|ARM
		{4C6B7A57-9BB4-451F-BC51-A00D8C9810F2}.AppStore|iPhone.ActiveCfg = Release|Any CPU
		{4C6B7A57-9BB4-451F-BC51-A00D8C9810F2}.AppStore|iPhone.Build.0 = Release|Any CPU
		{4C6B7A57-9BB4-451F-BC51-A00D8C9810F2}.AppStore|iPhone.Deploy.0 = Release|Any CPU
		{4C6B7A57-9BB4-451F-BC51-A00D8C9810F2}.AppStore|iPhoneSimulator.ActiveCfg = Release|Any CPU
		{4C6B7A57-9BB4-451F-BC51-A00D8C9810F2}.AppStore|iPhoneSimulator.Build.0 = Release|Any CPU
		{4C6B7A57-9BB4-451F-BC51-A00D8C9810F2}.AppStore|iPhoneSimulator.Deploy.0 = Release|Any CPU
		{4C6B7A57-9BB4-451F-BC51-A00D8C9810F2}.AppStore|x64.ActiveCfg = Release|Any CPU
		{4C6B7A57-9BB4-451F-BC51-A00D8C9810F2}.AppStore|x64.Build.0 = Release|Any CPU
		{4C6B7A57-9BB4-451F-BC51-A00D8C9810F2}.AppStore|x64.Deploy.0 = Release|Any CPU
		{4C6B7A57-9BB4-451F-BC51-A00D8C9810F2}.AppStore|x86.ActiveCfg = Release|x86
		{4C6B7A57-9BB4-451F-BC51-A00D8C9810F2}.AppStore|x86.Build.0 = Release|x86
		{4C6B7A57-9BB4-451F-BC51-A00D8C9810F2}.AppStore|x86.Deploy.0 = Release|x86
		{4C6B7A57-9BB4-451F-BC51-A00D8C9810F2}.Debug|Any CPU.ActiveCfg = Debug|Any CPU
		{4C6B7A57-9BB4-451F-BC51-A00D8C9810F2}.Debug|Any CPU.Build.0 = Debug|Any CPU
		{4C6B7A57-9BB4-451F-BC51-A00D8C9810F2}.Debug|Any CPU.Deploy.0 = Debug|Any CPU
		{4C6B7A57-9BB4-451F-BC51-A00D8C9810F2}.Debug|ARM.ActiveCfg = Debug|ARM
		{4C6B7A57-9BB4-451F-BC51-A00D8C9810F2}.Debug|ARM.Build.0 = Debug|ARM
		{4C6B7A57-9BB4-451F-BC51-A00D8C9810F2}.Debug|ARM.Deploy.0 = Debug|ARM
		{4C6B7A57-9BB4-451F-BC51-A00D8C9810F2}.Debug|iPhone.ActiveCfg = Debug|Any CPU
		{4C6B7A57-9BB4-451F-BC51-A00D8C9810F2}.Debug|iPhone.Build.0 = Debug|Any CPU
		{4C6B7A57-9BB4-451F-BC51-A00D8C9810F2}.Debug|iPhone.Deploy.0 = Debug|Any CPU
		{4C6B7A57-9BB4-451F-BC51-A00D8C9810F2}.Debug|iPhoneSimulator.ActiveCfg = Debug|Any CPU
		{4C6B7A57-9BB4-451F-BC51-A00D8C9810F2}.Debug|iPhoneSimulator.Build.0 = Debug|Any CPU
		{4C6B7A57-9BB4-451F-BC51-A00D8C9810F2}.Debug|iPhoneSimulator.Deploy.0 = Debug|Any CPU
		{4C6B7A57-9BB4-451F-BC51-A00D8C9810F2}.Debug|x64.ActiveCfg = Debug|Any CPU
		{4C6B7A57-9BB4-451F-BC51-A00D8C9810F2}.Debug|x64.Build.0 = Debug|Any CPU
		{4C6B7A57-9BB4-451F-BC51-A00D8C9810F2}.Debug|x64.Deploy.0 = Debug|Any CPU
		{4C6B7A57-9BB4-451F-BC51-A00D8C9810F2}.Debug|x86.ActiveCfg = Debug|x86
		{4C6B7A57-9BB4-451F-BC51-A00D8C9810F2}.Debug|x86.Build.0 = Debug|x86
		{4C6B7A57-9BB4-451F-BC51-A00D8C9810F2}.Debug|x86.Deploy.0 = Debug|x86
		{4C6B7A57-9BB4-451F-BC51-A00D8C9810F2}.Release|Any CPU.ActiveCfg = Release|Any CPU
		{4C6B7A57-9BB4-451F-BC51-A00D8C9810F2}.Release|Any CPU.Build.0 = Release|Any CPU
		{4C6B7A57-9BB4-451F-BC51-A00D8C9810F2}.Release|Any CPU.Deploy.0 = Release|Any CPU
		{4C6B7A57-9BB4-451F-BC51-A00D8C9810F2}.Release|ARM.ActiveCfg = Release|ARM
		{4C6B7A57-9BB4-451F-BC51-A00D8C9810F2}.Release|ARM.Build.0 = Release|ARM
		{4C6B7A57-9BB4-451F-BC51-A00D8C9810F2}.Release|ARM.Deploy.0 = Release|ARM
		{4C6B7A57-9BB4-451F-BC51-A00D8C9810F2}.Release|iPhone.ActiveCfg = Release|Any CPU
		{4C6B7A57-9BB4-451F-BC51-A00D8C9810F2}.Release|iPhone.Build.0 = Release|Any CPU
		{4C6B7A57-9BB4-451F-BC51-A00D8C9810F2}.Release|iPhone.Deploy.0 = Release|Any CPU
		{4C6B7A57-9BB4-451F-BC51-A00D8C9810F2}.Release|iPhoneSimulator.ActiveCfg = Release|Any CPU
		{4C6B7A57-9BB4-451F-BC51-A00D8C9810F2}.Release|iPhoneSimulator.Build.0 = Release|Any CPU
		{4C6B7A57-9BB4-451F-BC51-A00D8C9810F2}.Release|iPhoneSimulator.Deploy.0 = Release|Any CPU
		{4C6B7A57-9BB4-451F-BC51-A00D8C9810F2}.Release|x64.ActiveCfg = Release|Any CPU
		{4C6B7A57-9BB4-451F-BC51-A00D8C9810F2}.Release|x64.Build.0 = Release|Any CPU
		{4C6B7A57-9BB4-451F-BC51-A00D8C9810F2}.Release|x64.Deploy.0 = Release|Any CPU
		{4C6B7A57-9BB4-451F-BC51-A00D8C9810F2}.Release|x86.ActiveCfg = Release|x86
		{4C6B7A57-9BB4-451F-BC51-A00D8C9810F2}.Release|x86.Build.0 = Release|x86
		{4C6B7A57-9BB4-451F-BC51-A00D8C9810F2}.Release|x86.Deploy.0 = Release|x86
		{F77D46BF-96D4-4E6A-975E-996AF60718D6}.Ad-Hoc|Any CPU.ActiveCfg = Release|x86
		{F77D46BF-96D4-4E6A-975E-996AF60718D6}.Ad-Hoc|Any CPU.Build.0 = Release|x86
		{F77D46BF-96D4-4E6A-975E-996AF60718D6}.Ad-Hoc|Any CPU.Deploy.0 = Release|x86
		{F77D46BF-96D4-4E6A-975E-996AF60718D6}.Ad-Hoc|ARM.ActiveCfg = Release|ARM
		{F77D46BF-96D4-4E6A-975E-996AF60718D6}.Ad-Hoc|ARM.Build.0 = Release|ARM
		{F77D46BF-96D4-4E6A-975E-996AF60718D6}.Ad-Hoc|ARM.Deploy.0 = Release|ARM
		{F77D46BF-96D4-4E6A-975E-996AF60718D6}.Ad-Hoc|iPhone.ActiveCfg = Release|x86
		{F77D46BF-96D4-4E6A-975E-996AF60718D6}.Ad-Hoc|iPhone.Build.0 = Release|x86
		{F77D46BF-96D4-4E6A-975E-996AF60718D6}.Ad-Hoc|iPhone.Deploy.0 = Release|x86
		{F77D46BF-96D4-4E6A-975E-996AF60718D6}.Ad-Hoc|iPhoneSimulator.ActiveCfg = Release|x86
		{F77D46BF-96D4-4E6A-975E-996AF60718D6}.Ad-Hoc|iPhoneSimulator.Build.0 = Release|x86
		{F77D46BF-96D4-4E6A-975E-996AF60718D6}.Ad-Hoc|iPhoneSimulator.Deploy.0 = Release|x86
		{F77D46BF-96D4-4E6A-975E-996AF60718D6}.Ad-Hoc|x64.ActiveCfg = Release|x64
		{F77D46BF-96D4-4E6A-975E-996AF60718D6}.Ad-Hoc|x64.Build.0 = Release|x64
		{F77D46BF-96D4-4E6A-975E-996AF60718D6}.Ad-Hoc|x64.Deploy.0 = Release|x64
		{F77D46BF-96D4-4E6A-975E-996AF60718D6}.Ad-Hoc|x86.ActiveCfg = Release|x86
		{F77D46BF-96D4-4E6A-975E-996AF60718D6}.Ad-Hoc|x86.Build.0 = Release|x86
		{F77D46BF-96D4-4E6A-975E-996AF60718D6}.Ad-Hoc|x86.Deploy.0 = Release|x86
		{F77D46BF-96D4-4E6A-975E-996AF60718D6}.AppStore|Any CPU.ActiveCfg = Release|x86
		{F77D46BF-96D4-4E6A-975E-996AF60718D6}.AppStore|Any CPU.Build.0 = Release|x86
		{F77D46BF-96D4-4E6A-975E-996AF60718D6}.AppStore|Any CPU.Deploy.0 = Release|x86
		{F77D46BF-96D4-4E6A-975E-996AF60718D6}.AppStore|ARM.ActiveCfg = Release|ARM
		{F77D46BF-96D4-4E6A-975E-996AF60718D6}.AppStore|ARM.Build.0 = Release|ARM
		{F77D46BF-96D4-4E6A-975E-996AF60718D6}.AppStore|ARM.Deploy.0 = Release|ARM
		{F77D46BF-96D4-4E6A-975E-996AF60718D6}.AppStore|iPhone.ActiveCfg = Release|x86
		{F77D46BF-96D4-4E6A-975E-996AF60718D6}.AppStore|iPhone.Build.0 = Release|x86
		{F77D46BF-96D4-4E6A-975E-996AF60718D6}.AppStore|iPhone.Deploy.0 = Release|x86
		{F77D46BF-96D4-4E6A-975E-996AF60718D6}.AppStore|iPhoneSimulator.ActiveCfg = Release|x86
		{F77D46BF-96D4-4E6A-975E-996AF60718D6}.AppStore|iPhoneSimulator.Build.0 = Release|x86
		{F77D46BF-96D4-4E6A-975E-996AF60718D6}.AppStore|iPhoneSimulator.Deploy.0 = Release|x86
		{F77D46BF-96D4-4E6A-975E-996AF60718D6}.AppStore|x64.ActiveCfg = Release|x64
		{F77D46BF-96D4-4E6A-975E-996AF60718D6}.AppStore|x64.Build.0 = Release|x64
		{F77D46BF-96D4-4E6A-975E-996AF60718D6}.AppStore|x64.Deploy.0 = Release|x64
		{F77D46BF-96D4-4E6A-975E-996AF60718D6}.AppStore|x86.ActiveCfg = Release|x86
		{F77D46BF-96D4-4E6A-975E-996AF60718D6}.AppStore|x86.Build.0 = Release|x86
		{F77D46BF-96D4-4E6A-975E-996AF60718D6}.AppStore|x86.Deploy.0 = Release|x86
		{F77D46BF-96D4-4E6A-975E-996AF60718D6}.Debug|Any CPU.ActiveCfg = Debug|x86
		{F77D46BF-96D4-4E6A-975E-996AF60718D6}.Debug|ARM.ActiveCfg = Debug|ARM
		{F77D46BF-96D4-4E6A-975E-996AF60718D6}.Debug|ARM.Build.0 = Debug|ARM
		{F77D46BF-96D4-4E6A-975E-996AF60718D6}.Debug|ARM.Deploy.0 = Debug|ARM
		{F77D46BF-96D4-4E6A-975E-996AF60718D6}.Debug|iPhone.ActiveCfg = Debug|x86
		{F77D46BF-96D4-4E6A-975E-996AF60718D6}.Debug|iPhoneSimulator.ActiveCfg = Debug|x86
		{F77D46BF-96D4-4E6A-975E-996AF60718D6}.Debug|x64.ActiveCfg = Debug|x64
		{F77D46BF-96D4-4E6A-975E-996AF60718D6}.Debug|x64.Build.0 = Debug|x64
		{F77D46BF-96D4-4E6A-975E-996AF60718D6}.Debug|x64.Deploy.0 = Debug|x64
		{F77D46BF-96D4-4E6A-975E-996AF60718D6}.Debug|x86.ActiveCfg = Debug|x86
		{F77D46BF-96D4-4E6A-975E-996AF60718D6}.Debug|x86.Build.0 = Debug|x86
		{F77D46BF-96D4-4E6A-975E-996AF60718D6}.Debug|x86.Deploy.0 = Debug|x86
		{F77D46BF-96D4-4E6A-975E-996AF60718D6}.Release|Any CPU.ActiveCfg = Release|x86
		{F77D46BF-96D4-4E6A-975E-996AF60718D6}.Release|ARM.ActiveCfg = Release|ARM
		{F77D46BF-96D4-4E6A-975E-996AF60718D6}.Release|ARM.Build.0 = Release|ARM
		{F77D46BF-96D4-4E6A-975E-996AF60718D6}.Release|ARM.Deploy.0 = Release|ARM
		{F77D46BF-96D4-4E6A-975E-996AF60718D6}.Release|iPhone.ActiveCfg = Release|x86
		{F77D46BF-96D4-4E6A-975E-996AF60718D6}.Release|iPhoneSimulator.ActiveCfg = Release|x86
		{F77D46BF-96D4-4E6A-975E-996AF60718D6}.Release|x64.ActiveCfg = Release|x64
		{F77D46BF-96D4-4E6A-975E-996AF60718D6}.Release|x64.Build.0 = Release|x64
		{F77D46BF-96D4-4E6A-975E-996AF60718D6}.Release|x64.Deploy.0 = Release|x64
		{F77D46BF-96D4-4E6A-975E-996AF60718D6}.Release|x86.ActiveCfg = Release|x86
		{F77D46BF-96D4-4E6A-975E-996AF60718D6}.Release|x86.Build.0 = Release|x86
		{F77D46BF-96D4-4E6A-975E-996AF60718D6}.Release|x86.Deploy.0 = Release|x86
		{C263B264-5D19-4985-BB57-4EB3461BD1D8}.Ad-Hoc|Any CPU.ActiveCfg = Release|Any CPU
		{C263B264-5D19-4985-BB57-4EB3461BD1D8}.Ad-Hoc|Any CPU.Build.0 = Release|Any CPU
		{C263B264-5D19-4985-BB57-4EB3461BD1D8}.Ad-Hoc|Any CPU.Deploy.0 = Release|Any CPU
		{C263B264-5D19-4985-BB57-4EB3461BD1D8}.Ad-Hoc|ARM.ActiveCfg = Release|ARM
		{C263B264-5D19-4985-BB57-4EB3461BD1D8}.Ad-Hoc|ARM.Build.0 = Release|ARM
		{C263B264-5D19-4985-BB57-4EB3461BD1D8}.Ad-Hoc|ARM.Deploy.0 = Release|ARM
		{C263B264-5D19-4985-BB57-4EB3461BD1D8}.Ad-Hoc|iPhone.ActiveCfg = Release|Any CPU
		{C263B264-5D19-4985-BB57-4EB3461BD1D8}.Ad-Hoc|iPhone.Build.0 = Release|Any CPU
		{C263B264-5D19-4985-BB57-4EB3461BD1D8}.Ad-Hoc|iPhone.Deploy.0 = Release|Any CPU
		{C263B264-5D19-4985-BB57-4EB3461BD1D8}.Ad-Hoc|iPhoneSimulator.ActiveCfg = Release|Any CPU
		{C263B264-5D19-4985-BB57-4EB3461BD1D8}.Ad-Hoc|iPhoneSimulator.Build.0 = Release|Any CPU
		{C263B264-5D19-4985-BB57-4EB3461BD1D8}.Ad-Hoc|iPhoneSimulator.Deploy.0 = Release|Any CPU
		{C263B264-5D19-4985-BB57-4EB3461BD1D8}.Ad-Hoc|x64.ActiveCfg = Release|x64
		{C263B264-5D19-4985-BB57-4EB3461BD1D8}.Ad-Hoc|x64.Build.0 = Release|x64
		{C263B264-5D19-4985-BB57-4EB3461BD1D8}.Ad-Hoc|x64.Deploy.0 = Release|x64
		{C263B264-5D19-4985-BB57-4EB3461BD1D8}.Ad-Hoc|x86.ActiveCfg = Release|x86
		{C263B264-5D19-4985-BB57-4EB3461BD1D8}.Ad-Hoc|x86.Build.0 = Release|x86
		{C263B264-5D19-4985-BB57-4EB3461BD1D8}.Ad-Hoc|x86.Deploy.0 = Release|x86
		{C263B264-5D19-4985-BB57-4EB3461BD1D8}.AppStore|Any CPU.ActiveCfg = Release|Any CPU
		{C263B264-5D19-4985-BB57-4EB3461BD1D8}.AppStore|Any CPU.Build.0 = Release|Any CPU
		{C263B264-5D19-4985-BB57-4EB3461BD1D8}.AppStore|Any CPU.Deploy.0 = Release|Any CPU
		{C263B264-5D19-4985-BB57-4EB3461BD1D8}.AppStore|ARM.ActiveCfg = Release|ARM
		{C263B264-5D19-4985-BB57-4EB3461BD1D8}.AppStore|ARM.Build.0 = Release|ARM
		{C263B264-5D19-4985-BB57-4EB3461BD1D8}.AppStore|ARM.Deploy.0 = Release|ARM
		{C263B264-5D19-4985-BB57-4EB3461BD1D8}.AppStore|iPhone.ActiveCfg = Release|Any CPU
		{C263B264-5D19-4985-BB57-4EB3461BD1D8}.AppStore|iPhone.Build.0 = Release|Any CPU
		{C263B264-5D19-4985-BB57-4EB3461BD1D8}.AppStore|iPhone.Deploy.0 = Release|Any CPU
		{C263B264-5D19-4985-BB57-4EB3461BD1D8}.AppStore|iPhoneSimulator.ActiveCfg = Release|Any CPU
		{C263B264-5D19-4985-BB57-4EB3461BD1D8}.AppStore|iPhoneSimulator.Build.0 = Release|Any CPU
		{C263B264-5D19-4985-BB57-4EB3461BD1D8}.AppStore|iPhoneSimulator.Deploy.0 = Release|Any CPU
		{C263B264-5D19-4985-BB57-4EB3461BD1D8}.AppStore|x64.ActiveCfg = Release|x64
		{C263B264-5D19-4985-BB57-4EB3461BD1D8}.AppStore|x64.Build.0 = Release|x64
		{C263B264-5D19-4985-BB57-4EB3461BD1D8}.AppStore|x64.Deploy.0 = Release|x64
		{C263B264-5D19-4985-BB57-4EB3461BD1D8}.AppStore|x86.ActiveCfg = Release|x86
		{C263B264-5D19-4985-BB57-4EB3461BD1D8}.AppStore|x86.Build.0 = Release|x86
		{C263B264-5D19-4985-BB57-4EB3461BD1D8}.AppStore|x86.Deploy.0 = Release|x86
		{C263B264-5D19-4985-BB57-4EB3461BD1D8}.Debug|Any CPU.ActiveCfg = Debug|Any CPU
		{C263B264-5D19-4985-BB57-4EB3461BD1D8}.Debug|Any CPU.Build.0 = Debug|Any CPU
		{C263B264-5D19-4985-BB57-4EB3461BD1D8}.Debug|Any CPU.Deploy.0 = Debug|Any CPU
		{C263B264-5D19-4985-BB57-4EB3461BD1D8}.Debug|ARM.ActiveCfg = Debug|ARM
		{C263B264-5D19-4985-BB57-4EB3461BD1D8}.Debug|ARM.Build.0 = Debug|ARM
		{C263B264-5D19-4985-BB57-4EB3461BD1D8}.Debug|ARM.Deploy.0 = Debug|ARM
		{C263B264-5D19-4985-BB57-4EB3461BD1D8}.Debug|iPhone.ActiveCfg = Debug|Any CPU
		{C263B264-5D19-4985-BB57-4EB3461BD1D8}.Debug|iPhone.Build.0 = Debug|Any CPU
		{C263B264-5D19-4985-BB57-4EB3461BD1D8}.Debug|iPhone.Deploy.0 = Debug|Any CPU
		{C263B264-5D19-4985-BB57-4EB3461BD1D8}.Debug|iPhoneSimulator.ActiveCfg = Debug|Any CPU
		{C263B264-5D19-4985-BB57-4EB3461BD1D8}.Debug|iPhoneSimulator.Build.0 = Debug|Any CPU
		{C263B264-5D19-4985-BB57-4EB3461BD1D8}.Debug|iPhoneSimulator.Deploy.0 = Debug|Any CPU
		{C263B264-5D19-4985-BB57-4EB3461BD1D8}.Debug|x64.ActiveCfg = Debug|x64
		{C263B264-5D19-4985-BB57-4EB3461BD1D8}.Debug|x64.Build.0 = Debug|x64
		{C263B264-5D19-4985-BB57-4EB3461BD1D8}.Debug|x64.Deploy.0 = Debug|x64
		{C263B264-5D19-4985-BB57-4EB3461BD1D8}.Debug|x86.ActiveCfg = Debug|x86
		{C263B264-5D19-4985-BB57-4EB3461BD1D8}.Debug|x86.Build.0 = Debug|x86
		{C263B264-5D19-4985-BB57-4EB3461BD1D8}.Debug|x86.Deploy.0 = Debug|x86
		{C263B264-5D19-4985-BB57-4EB3461BD1D8}.Release|Any CPU.ActiveCfg = Release|Any CPU
		{C263B264-5D19-4985-BB57-4EB3461BD1D8}.Release|Any CPU.Build.0 = Release|Any CPU
		{C263B264-5D19-4985-BB57-4EB3461BD1D8}.Release|Any CPU.Deploy.0 = Release|Any CPU
		{C263B264-5D19-4985-BB57-4EB3461BD1D8}.Release|ARM.ActiveCfg = Release|ARM
		{C263B264-5D19-4985-BB57-4EB3461BD1D8}.Release|ARM.Build.0 = Release|ARM
		{C263B264-5D19-4985-BB57-4EB3461BD1D8}.Release|ARM.Deploy.0 = Release|ARM
		{C263B264-5D19-4985-BB57-4EB3461BD1D8}.Release|iPhone.ActiveCfg = Release|Any CPU
		{C263B264-5D19-4985-BB57-4EB3461BD1D8}.Release|iPhone.Build.0 = Release|Any CPU
		{C263B264-5D19-4985-BB57-4EB3461BD1D8}.Release|iPhone.Deploy.0 = Release|Any CPU
		{C263B264-5D19-4985-BB57-4EB3461BD1D8}.Release|iPhoneSimulator.ActiveCfg = Release|Any CPU
		{C263B264-5D19-4985-BB57-4EB3461BD1D8}.Release|iPhoneSimulator.Build.0 = Release|Any CPU
		{C263B264-5D19-4985-BB57-4EB3461BD1D8}.Release|iPhoneSimulator.Deploy.0 = Release|Any CPU
		{C263B264-5D19-4985-BB57-4EB3461BD1D8}.Release|x64.ActiveCfg = Release|x64
		{C263B264-5D19-4985-BB57-4EB3461BD1D8}.Release|x64.Build.0 = Release|x64
		{C263B264-5D19-4985-BB57-4EB3461BD1D8}.Release|x64.Deploy.0 = Release|x64
		{C263B264-5D19-4985-BB57-4EB3461BD1D8}.Release|x86.ActiveCfg = Release|x86
		{C263B264-5D19-4985-BB57-4EB3461BD1D8}.Release|x86.Build.0 = Release|x86
		{C263B264-5D19-4985-BB57-4EB3461BD1D8}.Release|x86.Deploy.0 = Release|x86
		{525D484F-6B43-4C9E-BE4E-7AEE69385FF3}.Ad-Hoc|Any CPU.ActiveCfg = Release|Any CPU
		{525D484F-6B43-4C9E-BE4E-7AEE69385FF3}.Ad-Hoc|Any CPU.Build.0 = Release|Any CPU
		{525D484F-6B43-4C9E-BE4E-7AEE69385FF3}.Ad-Hoc|ARM.ActiveCfg = Release|Any CPU
		{525D484F-6B43-4C9E-BE4E-7AEE69385FF3}.Ad-Hoc|ARM.Build.0 = Release|Any CPU
		{525D484F-6B43-4C9E-BE4E-7AEE69385FF3}.Ad-Hoc|iPhone.ActiveCfg = Release|Any CPU
		{525D484F-6B43-4C9E-BE4E-7AEE69385FF3}.Ad-Hoc|iPhone.Build.0 = Release|Any CPU
		{525D484F-6B43-4C9E-BE4E-7AEE69385FF3}.Ad-Hoc|iPhoneSimulator.ActiveCfg = Release|Any CPU
		{525D484F-6B43-4C9E-BE4E-7AEE69385FF3}.Ad-Hoc|iPhoneSimulator.Build.0 = Release|Any CPU
		{525D484F-6B43-4C9E-BE4E-7AEE69385FF3}.Ad-Hoc|x64.ActiveCfg = Release|Any CPU
		{525D484F-6B43-4C9E-BE4E-7AEE69385FF3}.Ad-Hoc|x64.Build.0 = Release|Any CPU
		{525D484F-6B43-4C9E-BE4E-7AEE69385FF3}.Ad-Hoc|x86.ActiveCfg = Release|Any CPU
		{525D484F-6B43-4C9E-BE4E-7AEE69385FF3}.Ad-Hoc|x86.Build.0 = Release|Any CPU
		{525D484F-6B43-4C9E-BE4E-7AEE69385FF3}.AppStore|Any CPU.ActiveCfg = Release|Any CPU
		{525D484F-6B43-4C9E-BE4E-7AEE69385FF3}.AppStore|Any CPU.Build.0 = Release|Any CPU
		{525D484F-6B43-4C9E-BE4E-7AEE69385FF3}.AppStore|ARM.ActiveCfg = Release|Any CPU
		{525D484F-6B43-4C9E-BE4E-7AEE69385FF3}.AppStore|ARM.Build.0 = Release|Any CPU
		{525D484F-6B43-4C9E-BE4E-7AEE69385FF3}.AppStore|iPhone.ActiveCfg = Release|Any CPU
		{525D484F-6B43-4C9E-BE4E-7AEE69385FF3}.AppStore|iPhone.Build.0 = Release|Any CPU
		{525D484F-6B43-4C9E-BE4E-7AEE69385FF3}.AppStore|iPhoneSimulator.ActiveCfg = Release|Any CPU
		{525D484F-6B43-4C9E-BE4E-7AEE69385FF3}.AppStore|iPhoneSimulator.Build.0 = Release|Any CPU
		{525D484F-6B43-4C9E-BE4E-7AEE69385FF3}.AppStore|x64.ActiveCfg = Release|Any CPU
		{525D484F-6B43-4C9E-BE4E-7AEE69385FF3}.AppStore|x64.Build.0 = Release|Any CPU
		{525D484F-6B43-4C9E-BE4E-7AEE69385FF3}.AppStore|x86.ActiveCfg = Release|Any CPU
		{525D484F-6B43-4C9E-BE4E-7AEE69385FF3}.AppStore|x86.Build.0 = Release|Any CPU
		{525D484F-6B43-4C9E-BE4E-7AEE69385FF3}.Debug|Any CPU.ActiveCfg = Debug|Any CPU
		{525D484F-6B43-4C9E-BE4E-7AEE69385FF3}.Debug|Any CPU.Build.0 = Debug|Any CPU
		{525D484F-6B43-4C9E-BE4E-7AEE69385FF3}.Debug|ARM.ActiveCfg = Debug|Any CPU
		{525D484F-6B43-4C9E-BE4E-7AEE69385FF3}.Debug|ARM.Build.0 = Debug|Any CPU
		{525D484F-6B43-4C9E-BE4E-7AEE69385FF3}.Debug|iPhone.ActiveCfg = Debug|Any CPU
		{525D484F-6B43-4C9E-BE4E-7AEE69385FF3}.Debug|iPhone.Build.0 = Debug|Any CPU
		{525D484F-6B43-4C9E-BE4E-7AEE69385FF3}.Debug|iPhoneSimulator.ActiveCfg = Debug|Any CPU
		{525D484F-6B43-4C9E-BE4E-7AEE69385FF3}.Debug|iPhoneSimulator.Build.0 = Debug|Any CPU
		{525D484F-6B43-4C9E-BE4E-7AEE69385FF3}.Debug|x64.ActiveCfg = Debug|Any CPU
		{525D484F-6B43-4C9E-BE4E-7AEE69385FF3}.Debug|x64.Build.0 = Debug|Any CPU
		{525D484F-6B43-4C9E-BE4E-7AEE69385FF3}.Debug|x86.ActiveCfg = Debug|Any CPU
		{525D484F-6B43-4C9E-BE4E-7AEE69385FF3}.Debug|x86.Build.0 = Debug|Any CPU
		{525D484F-6B43-4C9E-BE4E-7AEE69385FF3}.Release|Any CPU.ActiveCfg = Release|Any CPU
		{525D484F-6B43-4C9E-BE4E-7AEE69385FF3}.Release|Any CPU.Build.0 = Release|Any CPU
		{525D484F-6B43-4C9E-BE4E-7AEE69385FF3}.Release|ARM.ActiveCfg = Release|Any CPU
		{525D484F-6B43-4C9E-BE4E-7AEE69385FF3}.Release|ARM.Build.0 = Release|Any CPU
		{525D484F-6B43-4C9E-BE4E-7AEE69385FF3}.Release|iPhone.ActiveCfg = Release|Any CPU
		{525D484F-6B43-4C9E-BE4E-7AEE69385FF3}.Release|iPhone.Build.0 = Release|Any CPU
		{525D484F-6B43-4C9E-BE4E-7AEE69385FF3}.Release|iPhoneSimulator.ActiveCfg = Release|Any CPU
		{525D484F-6B43-4C9E-BE4E-7AEE69385FF3}.Release|iPhoneSimulator.Build.0 = Release|Any CPU
		{525D484F-6B43-4C9E-BE4E-7AEE69385FF3}.Release|x64.ActiveCfg = Release|Any CPU
		{525D484F-6B43-4C9E-BE4E-7AEE69385FF3}.Release|x64.Build.0 = Release|Any CPU
		{525D484F-6B43-4C9E-BE4E-7AEE69385FF3}.Release|x86.ActiveCfg = Release|Any CPU
		{525D484F-6B43-4C9E-BE4E-7AEE69385FF3}.Release|x86.Build.0 = Release|Any CPU
	EndGlobalSection
	GlobalSection(SolutionProperties) = preSolution
		HideSolutionNode = FALSE
	EndGlobalSection
EndGlobal
